// !$*UTF8*$!
{
	archiveVersion = 1;
	classes = {
	};
	objectVersion = 56;
	objects = {

/* Begin PBXBuildFile section */
		1006E8F72CB7958C00E61613 /* UserGateway.swift in Sources */ = {isa = PBXBuildFile; fileRef = 1006E8F62CB7958800E61613 /* UserGateway.swift */; };
		101A45FE2D6F1FFC00D1F3AE /* LocationManager.swift in Sources */ = {isa = PBXBuildFile; fileRef = 101A45FD2D6F1FF800D1F3AE /* LocationManager.swift */; };
		108640102D40EA61004DB57E /* LocationGatewayProtocol.swift in Sources */ = {isa = PBXBuildFile; fileRef = 1086400F2D40EA56004DB57E /* LocationGatewayProtocol.swift */; };
		108640122D40EA89004DB57E /* UserGatewayProtocol.swift in Sources */ = {isa = PBXBuildFile; fileRef = 108640112D40EA83004DB57E /* UserGatewayProtocol.swift */; };
		A608839D2DF04B07006865C7 /* AppleSignInFirebase in Frameworks */ = {isa = PBXBuildFile; productRef = A608839C2DF04B07006865C7 /* AppleSignInFirebase */; };
		A608839F2DF05087006865C7 /* GoogleService-Info.plist in Resources */ = {isa = PBXBuildFile; fileRef = A608839E2DF05086006865C7 /* GoogleService-Info.plist */; };
		A61F8B5E2C22E70C00BCE7FF /* Battle.swift in Sources */ = {isa = PBXBuildFile; fileRef = A61F8B5D2C22E70C00BCE7FF /* Battle.swift */; };
		A61F8B602C22EC9000BCE7FF /* ThankYou.swift in Sources */ = {isa = PBXBuildFile; fileRef = A61F8B5F2C22EC9000BCE7FF /* ThankYou.swift */; };
		A61F8B622C22F45E00BCE7FF /* Detail.swift in Sources */ = {isa = PBXBuildFile; fileRef = A61F8B612C22F45E00BCE7FF /* Detail.swift */; };
		A658BA562C6C350E000D7AA2 /* RapperDetailView.swift in Sources */ = {isa = PBXBuildFile; fileRef = A658BA552C6C350E000D7AA2 /* RapperDetailView.swift */; };
		A658BA582C75EDE7000D7AA2 /* SignUp.swift in Sources */ = {isa = PBXBuildFile; fileRef = A658BA572C75EDE7000D7AA2 /* SignUp.swift */; };
		A658BA742C75F257000D7AA2 /* SoundPlayer.swift in Sources */ = {isa = PBXBuildFile; fileRef = A658BA732C75F257000D7AA2 /* SoundPlayer.swift */; };
		A658BA792C7E1891000D7AA2 /* MijickPopupView in Frameworks */ = {isa = PBXBuildFile; productRef = A658BA782C7E1891000D7AA2 /* MijickPopupView */; };
		A658BA7B2C82B094000D7AA2 /* FirebaseAuth in Frameworks */ = {isa = PBXBuildFile; productRef = A658BA7A2C82B094000D7AA2 /* FirebaseAuth */; };
		A658BA7D2C82F11B000D7AA2 /* AuthViewModel.swift in Sources */ = {isa = PBXBuildFile; fileRef = A658BA7C2C82F11B000D7AA2 /* AuthViewModel.swift */; };
		A658BA832C8740C1000D7AA2 /* User.swift in Sources */ = {isa = PBXBuildFile; fileRef = A658BA822C8740C1000D7AA2 /* User.swift */; };
		A658BA882C8868D3000D7AA2 /* ProfileEdit.swift in Sources */ = {isa = PBXBuildFile; fileRef = A658BA872C8868D3000D7AA2 /* ProfileEdit.swift */; };
		A658BA8B2C886BC8000D7AA2 /* LibraryPickerView.swift in Sources */ = {isa = PBXBuildFile; fileRef = A658BA8A2C886BC8000D7AA2 /* LibraryPickerView.swift */; };
		A658BA8E2C886C1B000D7AA2 /* Kingfisher in Frameworks */ = {isa = PBXBuildFile; productRef = A658BA8D2C886C1B000D7AA2 /* Kingfisher */; };
		A658BA902C8875C4000D7AA2 /* ColorExt.swift in Sources */ = {isa = PBXBuildFile; fileRef = A658BA8F2C8875C4000D7AA2 /* ColorExt.swift */; };
		A65ADD492C3E9125003FBE1D /* FirebaseFirestore in Frameworks */ = {isa = PBXBuildFile; productRef = A65ADD482C3E9125003FBE1D /* FirebaseFirestore */; };
		A65ADD4B2C3E9152003FBE1D /* FirebaseStorage in Frameworks */ = {isa = PBXBuildFile; productRef = A65ADD4A2C3E9152003FBE1D /* FirebaseStorage */; };
		A65AFC852CC90ECF0020A67B /* LocationGateway.swift in Sources */ = {isa = PBXBuildFile; fileRef = A65AFC842CC90ECF0020A67B /* LocationGateway.swift */; };
		A65AFC872CC910610020A67B /* UserLocation.swift in Sources */ = {isa = PBXBuildFile; fileRef = A65AFC862CC910610020A67B /* UserLocation.swift */; };
		A65CE9392E15423C00DA9A35 /* MatchMapView.swift in Sources */ = {isa = PBXBuildFile; fileRef = A65CE9382E15423B00DA9A35 /* MatchMapView.swift */; };
		A65CE93B2E27BCF700DA9A35 /* OpponentWaitView.swift in Sources */ = {isa = PBXBuildFile; fileRef = A65CE93A2E27BCF700DA9A35 /* OpponentWaitView.swift */; };
		A664EB172E02CD4C003FF01D /* Match.swift in Sources */ = {isa = PBXBuildFile; fileRef = A664EB162E02CD4C003FF01D /* Match.swift */; };
		A66C96292DD4A1BA0082C138 /* RapperCellView.swift in Sources */ = {isa = PBXBuildFile; fileRef = A66C96282DD4A1BA0082C138 /* RapperCellView.swift */; };
		A66C962D2DD4B0950082C138 /* RapperListView.swift in Sources */ = {isa = PBXBuildFile; fileRef = A66C962C2DD4B0950082C138 /* RapperListView.swift */; };
		A6C32BF62CE4BA67003FC0C7 /* Geohash in Frameworks */ = {isa = PBXBuildFile; productRef = A6C32BF52CE4BA67003FC0C7 /* Geohash */; };
		A6C32BF82CEDF9EC003FC0C7 /* MapView.swift in Sources */ = {isa = PBXBuildFile; fileRef = A6C32BF72CEDF9EC003FC0C7 /* MapView.swift */; };
		A6DC94202E30F89E008EB6AD /* mov_1.mp4 in Resources */ = {isa = PBXBuildFile; fileRef = A6DC941F2E30F89E008EB6AD /* mov_1.mp4 */; };
		A6E39B442C2C2ED600B13377 /* FirebaseAnalytics in Frameworks */ = {isa = PBXBuildFile; productRef = A6E39B432C2C2ED600B13377 /* FirebaseAnalytics */; };
		A6E39B462C2C2ED600B13377 /* FirebaseAnalyticsOnDeviceConversion in Frameworks */ = {isa = PBXBuildFile; productRef = A6E39B452C2C2ED600B13377 /* FirebaseAnalyticsOnDeviceConversion */; };
		A6E39B4A2C2C2ED600B13377 /* FirebaseAnalyticsWithoutAdIdSupport in Frameworks */ = {isa = PBXBuildFile; productRef = A6E39B492C2C2ED600B13377 /* FirebaseAnalyticsWithoutAdIdSupport */; };
		A6E39B4C2C2C2ED600B13377 /* FirebaseAppCheck in Frameworks */ = {isa = PBXBuildFile; productRef = A6E39B4B2C2C2ED600B13377 /* FirebaseAppCheck */; };
		A6EDA3D22C19B07C002A2C23 /* RapApp.swift in Sources */ = {isa = PBXBuildFile; fileRef = A6EDA3D12C19B07C002A2C23 /* RapApp.swift */; };
		A6EDA3D42C19B07C002A2C23 /* ContentView.swift in Sources */ = {isa = PBXBuildFile; fileRef = A6EDA3D32C19B07C002A2C23 /* ContentView.swift */; };
		A6EDA3D62C19B07D002A2C23 /* Assets.xcassets in Resources */ = {isa = PBXBuildFile; fileRef = A6EDA3D52C19B07D002A2C23 /* Assets.xcassets */; };
		A6EDA3D92C19B07D002A2C23 /* Preview Assets.xcassets in Resources */ = {isa = PBXBuildFile; fileRef = A6EDA3D82C19B07D002A2C23 /* Preview Assets.xcassets */; };
/* End PBXBuildFile section */

/* Begin PBXFileReference section */
		1006E8F62CB7958800E61613 /* UserGateway.swift */ = {isa = PBXFileReference; lastKnownFileType = sourcecode.swift; path = UserGateway.swift; sourceTree = "<group>"; };
		101A45FD2D6F1FF800D1F3AE /* LocationManager.swift */ = {isa = PBXFileReference; lastKnownFileType = sourcecode.swift; path = LocationManager.swift; sourceTree = "<group>"; };
		1086400F2D40EA56004DB57E /* LocationGatewayProtocol.swift */ = {isa = PBXFileReference; lastKnownFileType = sourcecode.swift; path = LocationGatewayProtocol.swift; sourceTree = "<group>"; };
		108640112D40EA83004DB57E /* UserGatewayProtocol.swift */ = {isa = PBXFileReference; lastKnownFileType = sourcecode.swift; path = UserGatewayProtocol.swift; sourceTree = "<group>"; };
		A608839E2DF05086006865C7 /* GoogleService-Info.plist */ = {isa = PBXFileReference; lastKnownFileType = text.plist.xml; path = "GoogleService-Info.plist"; sourceTree = "<group>"; };
		A61F8B5D2C22E70C00BCE7FF /* Battle.swift */ = {isa = PBXFileReference; lastKnownFileType = sourcecode.swift; path = Battle.swift; sourceTree = "<group>"; };
		A61F8B5F2C22EC9000BCE7FF /* ThankYou.swift */ = {isa = PBXFileReference; lastKnownFileType = sourcecode.swift; path = ThankYou.swift; sourceTree = "<group>"; };
		A61F8B612C22F45E00BCE7FF /* Detail.swift */ = {isa = PBXFileReference; lastKnownFileType = sourcecode.swift; path = Detail.swift; sourceTree = "<group>"; };
		A658BA542C674538000D7AA2 /* RapApp.entitlements */ = {isa = PBXFileReference; lastKnownFileType = text.plist.entitlements; path = RapApp.entitlements; sourceTree = "<group>"; };
		A658BA552C6C350E000D7AA2 /* RapperDetailView.swift */ = {isa = PBXFileReference; lastKnownFileType = sourcecode.swift; path = RapperDetailView.swift; sourceTree = "<group>"; };
		A658BA572C75EDE7000D7AA2 /* SignUp.swift */ = {isa = PBXFileReference; lastKnownFileType = sourcecode.swift; path = SignUp.swift; sourceTree = "<group>"; };
		A658BA732C75F257000D7AA2 /* SoundPlayer.swift */ = {isa = PBXFileReference; lastKnownFileType = sourcecode.swift; path = SoundPlayer.swift; sourceTree = "<group>"; };
		A658BA7C2C82F11B000D7AA2 /* AuthViewModel.swift */ = {isa = PBXFileReference; lastKnownFileType = sourcecode.swift; path = AuthViewModel.swift; sourceTree = "<group>"; };
		A658BA822C8740C1000D7AA2 /* User.swift */ = {isa = PBXFileReference; lastKnownFileType = sourcecode.swift; path = User.swift; sourceTree = "<group>"; };
		A658BA872C8868D3000D7AA2 /* ProfileEdit.swift */ = {isa = PBXFileReference; lastKnownFileType = sourcecode.swift; path = ProfileEdit.swift; sourceTree = "<group>"; };
		A658BA8A2C886BC8000D7AA2 /* LibraryPickerView.swift */ = {isa = PBXFileReference; lastKnownFileType = sourcecode.swift; path = LibraryPickerView.swift; sourceTree = "<group>"; };
		A658BA8F2C8875C4000D7AA2 /* ColorExt.swift */ = {isa = PBXFileReference; lastKnownFileType = sourcecode.swift; path = ColorExt.swift; sourceTree = "<group>"; };
		A65ADD662C4263AD003FBE1D /* Info.plist */ = {isa = PBXFileReference; lastKnownFileType = text.plist.xml; path = Info.plist; sourceTree = "<group>"; };
		A65AFC842CC90ECF0020A67B /* LocationGateway.swift */ = {isa = PBXFileReference; lastKnownFileType = sourcecode.swift; path = LocationGateway.swift; sourceTree = "<group>"; };
		A65AFC862CC910610020A67B /* UserLocation.swift */ = {isa = PBXFileReference; lastKnownFileType = sourcecode.swift; path = UserLocation.swift; sourceTree = "<group>"; };
		A65CE9382E15423B00DA9A35 /* MatchMapView.swift */ = {isa = PBXFileReference; lastKnownFileType = sourcecode.swift; path = MatchMapView.swift; sourceTree = "<group>"; };
		A65CE93A2E27BCF700DA9A35 /* OpponentWaitView.swift */ = {isa = PBXFileReference; lastKnownFileType = sourcecode.swift; path = OpponentWaitView.swift; sourceTree = "<group>"; };
		A664EB162E02CD4C003FF01D /* Match.swift */ = {isa = PBXFileReference; lastKnownFileType = sourcecode.swift; path = Match.swift; sourceTree = "<group>"; };
		A66C96282DD4A1BA0082C138 /* RapperCellView.swift */ = {isa = PBXFileReference; lastKnownFileType = sourcecode.swift; path = RapperCellView.swift; sourceTree = "<group>"; };
		A66C962C2DD4B0950082C138 /* RapperListView.swift */ = {isa = PBXFileReference; lastKnownFileType = sourcecode.swift; path = RapperListView.swift; sourceTree = "<group>"; };
		A6C32BF72CEDF9EC003FC0C7 /* MapView.swift */ = {isa = PBXFileReference; lastKnownFileType = sourcecode.swift; path = MapView.swift; sourceTree = "<group>"; };
		A6DC941F2E30F89E008EB6AD /* mov_1.mp4 */ = {isa = PBXFileReference; lastKnownFileType = file; path = mov_1.mp4; sourceTree = "<group>"; };
		A6EDA3CE2C19B07C002A2C23 /* RapApp.app */ = {isa = PBXFileReference; explicitFileType = wrapper.application; includeInIndex = 0; path = RapApp.app; sourceTree = BUILT_PRODUCTS_DIR; };
		A6EDA3D12C19B07C002A2C23 /* RapApp.swift */ = {isa = PBXFileReference; lastKnownFileType = sourcecode.swift; path = RapApp.swift; sourceTree = "<group>"; };
		A6EDA3D32C19B07C002A2C23 /* ContentView.swift */ = {isa = PBXFileReference; lastKnownFileType = sourcecode.swift; path = ContentView.swift; sourceTree = "<group>"; };
		A6EDA3D52C19B07D002A2C23 /* Assets.xcassets */ = {isa = PBXFileReference; lastKnownFileType = folder.assetcatalog; path = Assets.xcassets; sourceTree = "<group>"; };
		A6EDA3D82C19B07D002A2C23 /* Preview Assets.xcassets */ = {isa = PBXFileReference; lastKnownFileType = folder.assetcatalog; path = "Preview Assets.xcassets"; sourceTree = "<group>"; };
/* End PBXFileReference section */

/* Begin PBXFrameworksBuildPhase section */
		A6EDA3CB2C19B07C002A2C23 /* Frameworks */ = {
			isa = PBXFrameworksBuildPhase;
			buildActionMask = 2147483647;
			files = (
				A6E39B442C2C2ED600B13377 /* FirebaseAnalytics in Frameworks */,
				A6E39B462C2C2ED600B13377 /* FirebaseAnalyticsOnDeviceConversion in Frameworks */,
				A6E39B4C2C2C2ED600B13377 /* FirebaseAppCheck in Frameworks */,
				A658BA7B2C82B094000D7AA2 /* FirebaseAuth in Frameworks */,
				A6C32BF62CE4BA67003FC0C7 /* Geohash in Frameworks */,
				A65ADD4B2C3E9152003FBE1D /* FirebaseStorage in Frameworks */,
				A658BA792C7E1891000D7AA2 /* MijickPopupView in Frameworks */,
				A658BA8E2C886C1B000D7AA2 /* Kingfisher in Frameworks */,
				A6E39B4A2C2C2ED600B13377 /* FirebaseAnalyticsWithoutAdIdSupport in Frameworks */,
				A608839D2DF04B07006865C7 /* AppleSignInFirebase in Frameworks */,
				A65ADD492C3E9125003FBE1D /* FirebaseFirestore in Frameworks */,
			);
			runOnlyForDeploymentPostprocessing = 0;
		};
/* End PBXFrameworksBuildPhase section */

/* Begin PBXGroup section */
		1006E8F12CB7941200E61613 /* Extension */ = {
			isa = PBXGroup;
			children = (
				A658BA8F2C8875C4000D7AA2 /* ColorExt.swift */,
			);
			path = Extension;
			sourceTree = "<group>";
		};
		1006E8F22CB794C500E61613 /* View */ = {
			isa = PBXGroup;
			children = (
				A658BA8A2C886BC8000D7AA2 /* LibraryPickerView.swift */,
			);
			path = View;
			sourceTree = "<group>";
		};
		1006E8F32CB794E200E61613 /* DataModel */ = {
			isa = PBXGroup;
			children = (
				A658BA822C8740C1000D7AA2 /* User.swift */,
				A65AFC862CC910610020A67B /* UserLocation.swift */,
				A664EB162E02CD4C003FF01D /* Match.swift */,
			);
			path = DataModel;
			sourceTree = "<group>";
		};
		1006E8F52CB7958100E61613 /* Gateway */ = {
			isa = PBXGroup;
			children = (
				108640182D40EDA0004DB57E /* protocol */,
				1006E8F62CB7958800E61613 /* UserGateway.swift */,
				A65AFC842CC90ECF0020A67B /* LocationGateway.swift */,
			);
			path = Gateway;
			sourceTree = "<group>";
		};
		1006E8F82CB79BA200E61613 /* Profile */ = {
			isa = PBXGroup;
			children = (
				A658BA872C8868D3000D7AA2 /* ProfileEdit.swift */,
			);
			path = Profile;
			sourceTree = "<group>";
		};
		108640182D40EDA0004DB57E /* protocol */ = {
			isa = PBXGroup;
			children = (
				1086400F2D40EA56004DB57E /* LocationGatewayProtocol.swift */,
				108640112D40EA83004DB57E /* UserGatewayProtocol.swift */,
			);
			path = protocol;
			sourceTree = "<group>";
		};
		108640192D40EDB2004DB57E /* Map */ = {
			isa = PBXGroup;
			children = (
				101A45FD2D6F1FF800D1F3AE /* LocationManager.swift */,
				A6C32BF72CEDF9EC003FC0C7 /* MapView.swift */,
			);
			path = Map;
			sourceTree = "<group>";
		};
		1086401A2D40EDC0004DB57E /* Battle */ = {
			isa = PBXGroup;
			children = (
				A61F8B5D2C22E70C00BCE7FF /* Battle.swift */,
				A61F8B612C22F45E00BCE7FF /* Detail.swift */,
				A65CE9382E15423B00DA9A35 /* MatchMapView.swift */,
				A65CE93A2E27BCF700DA9A35 /* OpponentWaitView.swift */,
				A6DC941F2E30F89E008EB6AD /* mov_1.mp4 */,
			);
			path = Battle;
			sourceTree = "<group>";
		};
		A6097C5D2CB6980F0096CBEB /* Util */ = {
			isa = PBXGroup;
			children = (
				1006E8F22CB794C500E61613 /* View */,
				A658BA732C75F257000D7AA2 /* SoundPlayer.swift */,
			);
			path = Util;
			sourceTree = "<group>";
		};
		A658BA7E2C82F3AD000D7AA2 /* Auth */ = {
			isa = PBXGroup;
			children = (
				A658BA572C75EDE7000D7AA2 /* SignUp.swift */,
				A658BA7C2C82F11B000D7AA2 /* AuthViewModel.swift */,
			);
			path = Auth;
			sourceTree = "<group>";
		};
		A658BA802C82F3D7000D7AA2 /* Views */ = {
			isa = PBXGroup;
			children = (
				A66C96272DD4A1A00082C138 /* RapperCell */,
				1086401A2D40EDC0004DB57E /* Battle */,
				108640192D40EDB2004DB57E /* Map */,
				1006E8F82CB79BA200E61613 /* Profile */,
				A61F8B5F2C22EC9000BCE7FF /* ThankYou.swift */,
			);
			path = Views;
			sourceTree = "<group>";
		};
		A65ADD472C3E9125003FBE1D /* Frameworks */ = {
			isa = PBXGroup;
			children = (
			);
			name = Frameworks;
			sourceTree = "<group>";
		};
		A66C96272DD4A1A00082C138 /* RapperCell */ = {
			isa = PBXGroup;
			children = (
				A66C96282DD4A1BA0082C138 /* RapperCellView.swift */,
				A66C962C2DD4B0950082C138 /* RapperListView.swift */,
				A658BA552C6C350E000D7AA2 /* RapperDetailView.swift */,
			);
			path = RapperCell;
			sourceTree = "<group>";
		};
		A6EDA3C52C19B07C002A2C23 = {
			isa = PBXGroup;
			children = (
				A6EDA3D02C19B07C002A2C23 /* RapApp */,
				A608839E2DF05086006865C7 /* GoogleService-Info.plist */,
				A6EDA3CF2C19B07C002A2C23 /* Products */,
				A65ADD472C3E9125003FBE1D /* Frameworks */,
			);
			sourceTree = "<group>";
		};
		A6EDA3CF2C19B07C002A2C23 /* Products */ = {
			isa = PBXGroup;
			children = (
				A6EDA3CE2C19B07C002A2C23 /* RapApp.app */,
			);
			name = Products;
			sourceTree = "<group>";
		};
		A6EDA3D02C19B07C002A2C23 /* RapApp */ = {
			isa = PBXGroup;
			children = (
				A6EDA3D12C19B07C002A2C23 /* RapApp.swift */,
				A6EDA3D32C19B07C002A2C23 /* ContentView.swift */,
				1006E8F52CB7958100E61613 /* Gateway */,
				1006E8F32CB794E200E61613 /* DataModel */,
				1006E8F12CB7941200E61613 /* Extension */,
				A6097C5D2CB6980F0096CBEB /* Util */,
				A658BA542C674538000D7AA2 /* RapApp.entitlements */,
				A65ADD662C4263AD003FBE1D /* Info.plist */,
				A658BA7E2C82F3AD000D7AA2 /* Auth */,
				A658BA802C82F3D7000D7AA2 /* Views */,
				A6EDA3D52C19B07D002A2C23 /* Assets.xcassets */,
				A6EDA3D72C19B07D002A2C23 /* Preview Content */,
			);
			path = RapApp;
			sourceTree = "<group>";
		};
		A6EDA3D72C19B07D002A2C23 /* Preview Content */ = {
			isa = PBXGroup;
			children = (
				A6EDA3D82C19B07D002A2C23 /* Preview Assets.xcassets */,
			);
			path = "Preview Content";
			sourceTree = "<group>";
		};
/* End PBXGroup section */

/* Begin PBXNativeTarget section */
		A6EDA3CD2C19B07C002A2C23 /* RapApp */ = {
			isa = PBXNativeTarget;
			buildConfigurationList = A6EDA3DC2C19B07D002A2C23 /* Build configuration list for PBXNativeTarget "RapApp" */;
			buildPhases = (
				A6EDA3CA2C19B07C002A2C23 /* Sources */,
				A6EDA3CB2C19B07C002A2C23 /* Frameworks */,
				A6EDA3CC2C19B07C002A2C23 /* Resources */,
			);
			buildRules = (
			);
			dependencies = (
			);
			name = RapApp;
			packageProductDependencies = (
				A6E39B432C2C2ED600B13377 /* FirebaseAnalytics */,
				A6E39B452C2C2ED600B13377 /* FirebaseAnalyticsOnDeviceConversion */,
				A6E39B492C2C2ED600B13377 /* FirebaseAnalyticsWithoutAdIdSupport */,
				A6E39B4B2C2C2ED600B13377 /* FirebaseAppCheck */,
				A65ADD482C3E9125003FBE1D /* FirebaseFirestore */,
				A65ADD4A2C3E9152003FBE1D /* FirebaseStorage */,
				A658BA782C7E1891000D7AA2 /* MijickPopupView */,
				A658BA7A2C82B094000D7AA2 /* FirebaseAuth */,
				A658BA8D2C886C1B000D7AA2 /* Kingfisher */,
				A6C32BF52CE4BA67003FC0C7 /* Geohash */,
				A608839C2DF04B07006865C7 /* AppleSignInFirebase */,
			);
			productName = RapApp;
			productReference = A6EDA3CE2C19B07C002A2C23 /* RapApp.app */;
			productType = "com.apple.product-type.application";
		};
/* End PBXNativeTarget section */

/* Begin PBXProject section */
		A6EDA3C62C19B07C002A2C23 /* Project object */ = {
			isa = PBXProject;
			attributes = {
				BuildIndependentTargetsInParallel = 1;
				LastSwiftUpdateCheck = 1520;
				LastUpgradeCheck = 1520;
				TargetAttributes = {
					A6EDA3CD2C19B07C002A2C23 = {
						CreatedOnToolsVersion = 15.2;
					};
				};
			};
			buildConfigurationList = A6EDA3C92C19B07C002A2C23 /* Build configuration list for PBXProject "RapApp" */;
			compatibilityVersion = "Xcode 14.0";
			developmentRegion = en;
			hasScannedForEncodings = 0;
			knownRegions = (
				en,
				Base,
			);
			mainGroup = A6EDA3C52C19B07C002A2C23;
			packageReferences = (
				A6E39B422C2C2ED600B13377 /* XCRemoteSwiftPackageReference "firebase-ios-sdk" */,
				A658BA772C7E1891000D7AA2 /* XCRemoteSwiftPackageReference "PopupView" */,
				A658BA8C2C886C1B000D7AA2 /* XCRemoteSwiftPackageReference "Kingfisher" */,
				A6C32BF42CE4BA67003FC0C7 /* XCRemoteSwiftPackageReference "Geohash" */,
				A6FC0F822DDDE97B0001064A /* XCRemoteSwiftPackageReference "AppleSignInFirebase" */,
			);
			productRefGroup = A6EDA3CF2C19B07C002A2C23 /* Products */;
			projectDirPath = "";
			projectRoot = "";
			targets = (
				A6EDA3CD2C19B07C002A2C23 /* RapApp */,
			);
		};
/* End PBXProject section */

/* Begin PBXResourcesBuildPhase section */
		A6EDA3CC2C19B07C002A2C23 /* Resources */ = {
			isa = PBXResourcesBuildPhase;
			buildActionMask = 2147483647;
			files = (
				A6EDA3D92C19B07D002A2C23 /* Preview Assets.xcassets in Resources */,
				A608839F2DF05087006865C7 /* GoogleService-Info.plist in Resources */,
				A6DC94202E30F89E008EB6AD /* mov_1.mp4 in Resources */,
				A6EDA3D62C19B07D002A2C23 /* Assets.xcassets in Resources */,
			);
			runOnlyForDeploymentPostprocessing = 0;
		};
/* End PBXResourcesBuildPhase section */

/* Begin PBXSourcesBuildPhase section */
		A6EDA3CA2C19B07C002A2C23 /* Sources */ = {
			isa = PBXSourcesBuildPhase;
			buildActionMask = 2147483647;
			files = (
				A66C962D2DD4B0950082C138 /* RapperListView.swift in Sources */,
				A65CE9392E15423C00DA9A35 /* MatchMapView.swift in Sources */,
				A658BA742C75F257000D7AA2 /* SoundPlayer.swift in Sources */,
				A6C32BF82CEDF9EC003FC0C7 /* MapView.swift in Sources */,
				A65CE93B2E27BCF700DA9A35 /* OpponentWaitView.swift in Sources */,
				101A45FE2D6F1FFC00D1F3AE /* LocationManager.swift in Sources */,
				A61F8B5E2C22E70C00BCE7FF /* Battle.swift in Sources */,
				A658BA882C8868D3000D7AA2 /* ProfileEdit.swift in Sources */,
				A6EDA3D42C19B07C002A2C23 /* ContentView.swift in Sources */,
				A65AFC872CC910610020A67B /* UserLocation.swift in Sources */,
				A61F8B622C22F45E00BCE7FF /* Detail.swift in Sources */,
				A664EB172E02CD4C003FF01D /* Match.swift in Sources */,
				108640122D40EA89004DB57E /* UserGatewayProtocol.swift in Sources */,
				1006E8F72CB7958C00E61613 /* UserGateway.swift in Sources */,
				A65AFC852CC90ECF0020A67B /* LocationGateway.swift in Sources */,
				A66C96292DD4A1BA0082C138 /* RapperCellView.swift in Sources */,
				108640102D40EA61004DB57E /* LocationGatewayProtocol.swift in Sources */,
				A61F8B602C22EC9000BCE7FF /* ThankYou.swift in Sources */,
				A658BA902C8875C4000D7AA2 /* ColorExt.swift in Sources */,
				A658BA8B2C886BC8000D7AA2 /* LibraryPickerView.swift in Sources */,
				A658BA7D2C82F11B000D7AA2 /* AuthViewModel.swift in Sources */,
				A658BA832C8740C1000D7AA2 /* User.swift in Sources */,
				A658BA562C6C350E000D7AA2 /* RapperDetailView.swift in Sources */,
				A658BA582C75EDE7000D7AA2 /* SignUp.swift in Sources */,
				A6EDA3D22C19B07C002A2C23 /* RapApp.swift in Sources */,
			);
			runOnlyForDeploymentPostprocessing = 0;
		};
/* End PBXSourcesBuildPhase section */

/* Begin XCBuildConfiguration section */
		A6EDA3DA2C19B07D002A2C23 /* Debug */ = {
			isa = XCBuildConfiguration;
			buildSettings = {
				ALWAYS_SEARCH_USER_PATHS = NO;
				ASSETCATALOG_COMPILER_GENERATE_SWIFT_ASSET_SYMBOL_EXTENSIONS = YES;
				CLANG_ANALYZER_NONNULL = YES;
				CLANG_ANALYZER_NUMBER_OBJECT_CONVERSION = YES_AGGRESSIVE;
				CLANG_CXX_LANGUAGE_STANDARD = "gnu++20";
				CLANG_ENABLE_MODULES = YES;
				CLANG_ENABLE_OBJC_ARC = YES;
				CLANG_ENABLE_OBJC_WEAK = YES;
				CLANG_WARN_BLOCK_CAPTURE_AUTORELEASING = YES;
				CLANG_WARN_BOOL_CONVERSION = YES;
				CLANG_WARN_COMMA = YES;
				CLANG_WARN_CONSTANT_CONVERSION = YES;
				CLANG_WARN_DEPRECATED_OBJC_IMPLEMENTATIONS = YES;
				CLANG_WARN_DIRECT_OBJC_ISA_USAGE = YES_ERROR;
				CLANG_WARN_DOCUMENTATION_COMMENTS = YES;
				CLANG_WARN_EMPTY_BODY = YES;
				CLANG_WARN_ENUM_CONVERSION = YES;
				CLANG_WARN_INFINITE_RECURSION = YES;
				CLANG_WARN_INT_CONVERSION = YES;
				CLANG_WARN_NON_LITERAL_NULL_CONVERSION = YES;
				CLANG_WARN_OBJC_IMPLICIT_RETAIN_SELF = YES;
				CLANG_WARN_OBJC_LITERAL_CONVERSION = YES;
				CLANG_WARN_OBJC_ROOT_CLASS = YES_ERROR;
				CLANG_WARN_QUOTED_INCLUDE_IN_FRAMEWORK_HEADER = YES;
				CLANG_WARN_RANGE_LOOP_ANALYSIS = YES;
				CLANG_WARN_STRICT_PROTOTYPES = YES;
				CLANG_WARN_SUSPICIOUS_MOVE = YES;
				CLANG_WARN_UNGUARDED_AVAILABILITY = YES_AGGRESSIVE;
				CLANG_WARN_UNREACHABLE_CODE = YES;
				CLANG_WARN__DUPLICATE_METHOD_MATCH = YES;
				COPY_PHASE_STRIP = NO;
				DEBUG_INFORMATION_FORMAT = dwarf;
				ENABLE_STRICT_OBJC_MSGSEND = YES;
				ENABLE_TESTABILITY = YES;
				ENABLE_USER_SCRIPT_SANDBOXING = YES;
				GCC_C_LANGUAGE_STANDARD = gnu17;
				GCC_DYNAMIC_NO_PIC = NO;
				GCC_NO_COMMON_BLOCKS = YES;
				GCC_OPTIMIZATION_LEVEL = 0;
				GCC_PREPROCESSOR_DEFINITIONS = (
					"DEBUG=1",
					"$(inherited)",
				);
				GCC_WARN_64_TO_32_BIT_CONVERSION = YES;
				GCC_WARN_ABOUT_RETURN_TYPE = YES_ERROR;
				GCC_WARN_UNDECLARED_SELECTOR = YES;
				GCC_WARN_UNINITIALIZED_AUTOS = YES_AGGRESSIVE;
				GCC_WARN_UNUSED_FUNCTION = YES;
				GCC_WARN_UNUSED_VARIABLE = YES;
				IPHONEOS_DEPLOYMENT_TARGET = 17.2;
				LOCALIZATION_PREFERS_STRING_CATALOGS = YES;
				MTL_ENABLE_DEBUG_INFO = INCLUDE_SOURCE;
				MTL_FAST_MATH = YES;
				ONLY_ACTIVE_ARCH = YES;
				SDKROOT = iphoneos;
				SWIFT_ACTIVE_COMPILATION_CONDITIONS = "DEBUG $(inherited)";
				SWIFT_OPTIMIZATION_LEVEL = "-Onone";
			};
			name = Debug;
		};
		A6EDA3DB2C19B07D002A2C23 /* Release */ = {
			isa = XCBuildConfiguration;
			buildSettings = {
				ALWAYS_SEARCH_USER_PATHS = NO;
				ASSETCATALOG_COMPILER_GENERATE_SWIFT_ASSET_SYMBOL_EXTENSIONS = YES;
				CLANG_ANALYZER_NONNULL = YES;
				CLANG_ANALYZER_NUMBER_OBJECT_CONVERSION = YES_AGGRESSIVE;
				CLANG_CXX_LANGUAGE_STANDARD = "gnu++20";
				CLANG_ENABLE_MODULES = YES;
				CLANG_ENABLE_OBJC_ARC = YES;
				CLANG_ENABLE_OBJC_WEAK = YES;
				CLANG_WARN_BLOCK_CAPTURE_AUTORELEASING = YES;
				CLANG_WARN_BOOL_CONVERSION = YES;
				CLANG_WARN_COMMA = YES;
				CLANG_WARN_CONSTANT_CONVERSION = YES;
				CLANG_WARN_DEPRECATED_OBJC_IMPLEMENTATIONS = YES;
				CLANG_WARN_DIRECT_OBJC_ISA_USAGE = YES_ERROR;
				CLANG_WARN_DOCUMENTATION_COMMENTS = YES;
				CLANG_WARN_EMPTY_BODY = YES;
				CLANG_WARN_ENUM_CONVERSION = YES;
				CLANG_WARN_INFINITE_RECURSION = YES;
				CLANG_WARN_INT_CONVERSION = YES;
				CLANG_WARN_NON_LITERAL_NULL_CONVERSION = YES;
				CLANG_WARN_OBJC_IMPLICIT_RETAIN_SELF = YES;
				CLANG_WARN_OBJC_LITERAL_CONVERSION = YES;
				CLANG_WARN_OBJC_ROOT_CLASS = YES_ERROR;
				CLANG_WARN_QUOTED_INCLUDE_IN_FRAMEWORK_HEADER = YES;
				CLANG_WARN_RANGE_LOOP_ANALYSIS = YES;
				CLANG_WARN_STRICT_PROTOTYPES = YES;
				CLANG_WARN_SUSPICIOUS_MOVE = YES;
				CLANG_WARN_UNGUARDED_AVAILABILITY = YES_AGGRESSIVE;
				CLANG_WARN_UNREACHABLE_CODE = YES;
				CLANG_WARN__DUPLICATE_METHOD_MATCH = YES;
				COPY_PHASE_STRIP = NO;
				DEBUG_INFORMATION_FORMAT = "dwarf-with-dsym";
				ENABLE_NS_ASSERTIONS = NO;
				ENABLE_STRICT_OBJC_MSGSEND = YES;
				ENABLE_USER_SCRIPT_SANDBOXING = YES;
				GCC_C_LANGUAGE_STANDARD = gnu17;
				GCC_NO_COMMON_BLOCKS = YES;
				GCC_WARN_64_TO_32_BIT_CONVERSION = YES;
				GCC_WARN_ABOUT_RETURN_TYPE = YES_ERROR;
				GCC_WARN_UNDECLARED_SELECTOR = YES;
				GCC_WARN_UNINITIALIZED_AUTOS = YES_AGGRESSIVE;
				GCC_WARN_UNUSED_FUNCTION = YES;
				GCC_WARN_UNUSED_VARIABLE = YES;
				IPHONEOS_DEPLOYMENT_TARGET = 17.2;
				LOCALIZATION_PREFERS_STRING_CATALOGS = YES;
				MTL_ENABLE_DEBUG_INFO = NO;
				MTL_FAST_MATH = YES;
				SDKROOT = iphoneos;
				SWIFT_COMPILATION_MODE = wholemodule;
				VALIDATE_PRODUCT = YES;
			};
			name = Release;
		};
		A6EDA3DD2C19B07D002A2C23 /* Debug */ = {
			isa = XCBuildConfiguration;
			buildSettings = {
				ASSETCATALOG_COMPILER_APPICON_NAME = AppIcon;
				ASSETCATALOG_COMPILER_GLOBAL_ACCENT_COLOR_NAME = AccentColor;
				CODE_SIGN_ENTITLEMENTS = RapApp/RapApp.entitlements;
				CODE_SIGN_IDENTITY = "Apple Development";
				CODE_SIGN_STYLE = Automatic;
				CURRENT_PROJECT_VERSION = 1;
				DEVELOPMENT_ASSET_PATHS = "\"RapApp/Preview Content\"";
				DEVELOPMENT_TEAM = N2AVC2967X;
				ENABLE_PREVIEWS = YES;
				GENERATE_INFOPLIST_FILE = YES;
				INFOPLIST_FILE = RapApp/Info.plist;
				INFOPLIST_KEY_CFBundleDisplayName = "";
				INFOPLIST_KEY_LSApplicationCategoryType = "";
				INFOPLIST_KEY_NSLocationAlwaysUsageDescription = "use it";
				INFOPLIST_KEY_NSLocationUsageDescription = "need it";
				INFOPLIST_KEY_NSLocationWhenInUseUsageDescription = "using location";
				INFOPLIST_KEY_UIApplicationSceneManifest_Generation = YES;
				INFOPLIST_KEY_UIApplicationSupportsIndirectInputEvents = YES;
				INFOPLIST_KEY_UILaunchScreen_Generation = YES;
				INFOPLIST_KEY_UISupportedInterfaceOrientations_iPad = "UIInterfaceOrientationPortrait UIInterfaceOrientationPortraitUpsideDown UIInterfaceOrientationLandscapeLeft UIInterfaceOrientationLandscapeRight";
				INFOPLIST_KEY_UISupportedInterfaceOrientations_iPhone = "UIInterfaceOrientationPortrait UIInterfaceOrientationLandscapeLeft UIInterfaceOrientationLandscapeRight";
				LD_RUNPATH_SEARCH_PATHS = (
					"$(inherited)",
					"@executable_path/Frameworks",
				);
				MARKETING_VERSION = 1.0;
				PRODUCT_BUNDLE_IDENTIFIER = com.suika.RapApp4;
				PRODUCT_NAME = "$(TARGET_NAME)";
				PROVISIONING_PROFILE_SPECIFIER = "";
				SUPPORTED_PLATFORMS = "iphoneos iphonesimulator";
				SUPPORTS_MACCATALYST = NO;
				SUPPORTS_MAC_DESIGNED_FOR_IPHONE_IPAD = NO;
				SUPPORTS_XR_DESIGNED_FOR_IPHONE_IPAD = NO;
				SWIFT_EMIT_LOC_STRINGS = YES;
				SWIFT_VERSION = 5.0;
				TARGETED_DEVICE_FAMILY = 1;
			};
			name = Debug;
		};
		A6EDA3DE2C19B07D002A2C23 /* Release */ = {
			isa = XCBuildConfiguration;
			buildSettings = {
				ASSETCATALOG_COMPILER_APPICON_NAME = AppIcon;
				ASSETCATALOG_COMPILER_GLOBAL_ACCENT_COLOR_NAME = AccentColor;
				CODE_SIGN_ENTITLEMENTS = RapApp/RapApp.entitlements;
				CODE_SIGN_IDENTITY = "Apple Development";
				CODE_SIGN_STYLE = Automatic;
				CURRENT_PROJECT_VERSION = 1;
				DEVELOPMENT_ASSET_PATHS = "\"RapApp/Preview Content\"";
				DEVELOPMENT_TEAM = N2AVC2967X;
				ENABLE_PREVIEWS = YES;
				GENERATE_INFOPLIST_FILE = YES;
				INFOPLIST_FILE = RapApp/Info.plist;
				INFOPLIST_KEY_CFBundleDisplayName = "";
				INFOPLIST_KEY_LSApplicationCategoryType = "";
				INFOPLIST_KEY_NSLocationAlwaysUsageDescription = "use it";
				INFOPLIST_KEY_NSLocationUsageDescription = "need it";
				INFOPLIST_KEY_NSLocationWhenInUseUsageDescription = "using location";
				INFOPLIST_KEY_UIApplicationSceneManifest_Generation = YES;
				INFOPLIST_KEY_UIApplicationSupportsIndirectInputEvents = YES;
				INFOPLIST_KEY_UILaunchScreen_Generation = YES;
				INFOPLIST_KEY_UISupportedInterfaceOrientations_iPad = "UIInterfaceOrientationPortrait UIInterfaceOrientationPortraitUpsideDown UIInterfaceOrientationLandscapeLeft UIInterfaceOrientationLandscapeRight";
				INFOPLIST_KEY_UISupportedInterfaceOrientations_iPhone = "UIInterfaceOrientationPortrait UIInterfaceOrientationLandscapeLeft UIInterfaceOrientationLandscapeRight";
				LD_RUNPATH_SEARCH_PATHS = (
					"$(inherited)",
					"@executable_path/Frameworks",
				);
				MARKETING_VERSION = 1.0;
				PRODUCT_BUNDLE_IDENTIFIER = com.suika.RapApp4;
				PRODUCT_NAME = "$(TARGET_NAME)";
				PROVISIONING_PROFILE_SPECIFIER = "";
				SUPPORTED_PLATFORMS = "iphoneos iphonesimulator";
				SUPPORTS_MACCATALYST = NO;
				SUPPORTS_MAC_DESIGNED_FOR_IPHONE_IPAD = NO;
				SUPPORTS_XR_DESIGNED_FOR_IPHONE_IPAD = NO;
				SWIFT_EMIT_LOC_STRINGS = YES;
				SWIFT_VERSION = 5.0;
				TARGETED_DEVICE_FAMILY = 1;
			};
			name = Release;
		};
/* End XCBuildConfiguration section */

/* Begin XCConfigurationList section */
		A6EDA3C92C19B07C002A2C23 /* Build configuration list for PBXProject "RapApp" */ = {
			isa = XCConfigurationList;
			buildConfigurations = (
				A6EDA3DA2C19B07D002A2C23 /* Debug */,
				A6EDA3DB2C19B07D002A2C23 /* Release */,
			);
			defaultConfigurationIsVisible = 0;
			defaultConfigurationName = Release;
		};
		A6EDA3DC2C19B07D002A2C23 /* Build configuration list for PBXNativeTarget "RapApp" */ = {
			isa = XCConfigurationList;
			buildConfigurations = (
				A6EDA3DD2C19B07D002A2C23 /* Debug */,
				A6EDA3DE2C19B07D002A2C23 /* Release */,
			);
			defaultConfigurationIsVisible = 0;
			defaultConfigurationName = Release;
		};
/* End XCConfigurationList section */

/* Begin XCRemoteSwiftPackageReference section */
		A658BA772C7E1891000D7AA2 /* XCRemoteSwiftPackageReference "PopupView" */ = {
			isa = XCRemoteSwiftPackageReference;
			repositoryURL = "https://github.com/Mijick/PopupView.git";
			requirement = {
				kind = upToNextMajorVersion;
				minimumVersion = 2.7.0;
			};
		};
		A658BA8C2C886C1B000D7AA2 /* XCRemoteSwiftPackageReference "Kingfisher" */ = {
			isa = XCRemoteSwiftPackageReference;
			repositoryURL = "https://github.com/onevcat/Kingfisher";
			requirement = {
				kind = upToNextMajorVersion;
				minimumVersion = 7.12.0;
			};
		};
		A6C32BF42CE4BA67003FC0C7 /* XCRemoteSwiftPackageReference "Geohash" */ = {
			isa = XCRemoteSwiftPackageReference;
			repositoryURL = "https://github.com/nh7a/Geohash.git";
			requirement = {
				kind = upToNextMajorVersion;
				minimumVersion = 1.0.0;
			};
		};
		A6E39B422C2C2ED600B13377 /* XCRemoteSwiftPackageReference "firebase-ios-sdk" */ = {
			isa = XCRemoteSwiftPackageReference;
			repositoryURL = "https://github.com/firebase/firebase-ios-sdk";
			requirement = {
				kind = upToNextMajorVersion;
				minimumVersion = 11.0.0;
			};
		};
		A6FC0F822DDDE97B0001064A /* XCRemoteSwiftPackageReference "AppleSignInFirebase" */ = {
			isa = XCRemoteSwiftPackageReference;
			repositoryURL = "https://github.com/yukiny0811/AppleSignInFirebase";
			requirement = {
				branch = main;
				kind = branch;
			};
		};
/* End XCRemoteSwiftPackageReference section */

/* Begin XCSwiftPackageProductDependency section */
		A608839C2DF04B07006865C7 /* AppleSignInFirebase */ = {
			isa = XCSwiftPackageProductDependency;
			package = A6FC0F822DDDE97B0001064A /* XCRemoteSwiftPackageReference "AppleSignInFirebase" */;
			productName = AppleSignInFirebase;
		};
		A658BA782C7E1891000D7AA2 /* MijickPopupView */ = {
			isa = XCSwiftPackageProductDependency;
			package = A658BA772C7E1891000D7AA2 /* XCRemoteSwiftPackageReference "PopupView" */;
			productName = MijickPopupView;
		};
		A658BA7A2C82B094000D7AA2 /* FirebaseAuth */ = {
			isa = XCSwiftPackageProductDependency;
			package = A6E39B422C2C2ED600B13377 /* XCRemoteSwiftPackageReference "firebase-ios-sdk" */;
			productName = FirebaseAuth;
		};
		A658BA8D2C886C1B000D7AA2 /* Kingfisher */ = {
			isa = XCSwiftPackageProductDependency;
			package = A658BA8C2C886C1B000D7AA2 /* XCRemoteSwiftPackageReference "Kingfisher" */;
			productName = Kingfisher;
		};
		A65ADD482C3E9125003FBE1D /* FirebaseFirestore */ = {
			isa = XCSwiftPackageProductDependency;
			package = A6E39B422C2C2ED600B13377 /* XCRemoteSwiftPackageReference "firebase-ios-sdk" */;
			productName = FirebaseFirestore;
		};
		A65ADD4A2C3E9152003FBE1D /* FirebaseStorage */ = {
			isa = XCSwiftPackageProductDependency;
			package = A6E39B422C2C2ED600B13377 /* XCRemoteSwiftPackageReference "firebase-ios-sdk" */;
			productName = FirebaseStorage;
		};
		A6C32BF52CE4BA67003FC0C7 /* Geohash */ = {
			isa = XCSwiftPackageProductDependency;
			package = A6C32BF42CE4BA67003FC0C7 /* XCRemoteSwiftPackageReference "Geohash" */;
			productName = Geohash;
		};
		A6E39B432C2C2ED600B13377 /* FirebaseAnalytics */ = {
			isa = XCSwiftPackageProductDependency;
			package = A6E39B422C2C2ED600B13377 /* XCRemoteSwiftPackageReference "firebase-ios-sdk" */;
			productName = FirebaseAnalytics;
		};
		A6E39B452C2C2ED600B13377 /* FirebaseAnalyticsOnDeviceConversion */ = {
			isa = XCSwiftPackageProductDependency;
			package = A6E39B422C2C2ED600B13377 /* XCRemoteSwiftPackageReference "firebase-ios-sdk" */;
			productName = FirebaseAnalyticsOnDeviceConversion;
		};
		A6E39B492C2C2ED600B13377 /* FirebaseAnalyticsWithoutAdIdSupport */ = {
			isa = XCSwiftPackageProductDependency;
			package = A6E39B422C2C2ED600B13377 /* XCRemoteSwiftPackageReference "firebase-ios-sdk" */;
			productName = FirebaseAnalyticsWithoutAdIdSupport;
		};
		A6E39B4B2C2C2ED600B13377 /* FirebaseAppCheck */ = {
			isa = XCSwiftPackageProductDependency;
			package = A6E39B422C2C2ED600B13377 /* XCRemoteSwiftPackageReference "firebase-ios-sdk" */;
			productName = FirebaseAppCheck;
		};
/* End XCSwiftPackageProductDependency section */
	};
	rootObject = A6EDA3C62C19B07C002A2C23 /* Project object */;
}
